{
  "name": "frontend",
  "lockfileVersion": 3,
  "requires": true,
  "packages": {
    "": {
      "dependencies": {
        "@styled-system/css": "^5.1.5"
      }
    },
    "node_modules/@styled-system/css": {
      "version": "5.1.5",
      "resolved": "https://registry.npmjs.org/@styled-system/css/-/css-5.1.5.tgz",
      "integrity": "sha512-XkORZdS5kypzcBotAMPBoeckDs9aSZVkvrAlq5K3xP8IMAUek+x2O4NtwoSgkYkWWzVBu6DGdFZLR790QWGG+A=="
    }
  }
}
